
Microsoft Visual Studio Solution File, Format Version 12.00
# Visual Studio Version 17
VisualStudioVersion = 17.12.35527.113
MinimumVisualStudioVersion = 10.0.40219.1
Project("{2150E333-8FDC-42A3-9474-1A3956D46DE8}") = "Services", "Services", "{66E3CCBD-E846-4E99-9C55-3BC581915449}"
EndProject
Project("{2150E333-8FDC-42A3-9474-1A3956D46DE8}") = "Catalog", "Catalog", "{9E5F3B9B-90CD-4685-9106-314D3FA3D547}"
EndProject
Project("{FAE04EC0-301F-11D3-BF4B-00C04F79EFBC}") = "MultiShop.Catalog", "Services\Catalog\MultiShop.Catalog\MultiShop.Catalog.csproj", "{5D562520-8818-4F26-AED4-6B09A833B4C3}"
EndProject
Project("{2150E333-8FDC-42A3-9474-1A3956D46DE8}") = "Discount", "Discount", "{E3103A43-326B-40C9-9D90-AC9151A287FF}"
EndProject
Project("{FAE04EC0-301F-11D3-BF4B-00C04F79EFBC}") = "MultiShop.Discount", "Services\Discount\MultiShop.Discount\MultiShop.Discount.csproj", "{EDB7BD04-9D44-4443-821C-9C6289515781}"
EndProject
Project("{2150E333-8FDC-42A3-9474-1A3956D46DE8}") = "Order", "Order", "{6027AD1F-F77D-4E5E-9578-8165F8335C0C}"
EndProject
Project("{2150E333-8FDC-42A3-9474-1A3956D46DE8}") = "Core", "Core", "{C3BE855C-7F62-4FC3-BDED-07B253E226E7}"
EndProject
Project("{2150E333-8FDC-42A3-9474-1A3956D46DE8}") = "Infrastructure", "Infrastructure", "{0F610FAE-4F3B-454C-9358-A0462B04F4F2}"
EndProject
Project("{2150E333-8FDC-42A3-9474-1A3956D46DE8}") = "Presentation", "Presentation", "{7C1B217F-3D57-4576-B515-5B3DC4D37E51}"
EndProject
Project("{FAE04EC0-301F-11D3-BF4B-00C04F79EFBC}") = "MultiShop.Order.Domain", "Services\Order\Core\MultiShop.Order.Domain\MultiShop.Order.Domain.csproj", "{BC9B943E-8CCB-4865-AFA5-2279BF6D5456}"
EndProject
Project("{FAE04EC0-301F-11D3-BF4B-00C04F79EFBC}") = "MultiShop.Order.Application", "Services\Order\Core\MultiShop.Order.Application\MultiShop.Order.Application.csproj", "{85F70972-96C5-46D7-A593-84078CD04476}"
EndProject
Project("{FAE04EC0-301F-11D3-BF4B-00C04F79EFBC}") = "MultiShop.Order.Persistence", "Services\Order\Infrastructure\MultiShop.Order.Persistence\MultiShop.Order.Persistence.csproj", "{AA8020C1-9963-471C-8484-375A4FA9B66B}"
EndProject
Project("{FAE04EC0-301F-11D3-BF4B-00C04F79EFBC}") = "MultiShop.Order.WebApi", "Services\Order\Presentation\MultiShop.Order.WebApi\MultiShop.Order.WebApi.csproj", "{36B0FD79-CA41-4C33-915E-62CA39A25870}"
EndProject
Project("{2150E333-8FDC-42A3-9474-1A3956D46DE8}") = "IdentityServer", "IdentityServer", "{E4E7E470-E9DF-48CB-81D5-E26F0CF4B47E}"
EndProject
Project("{FAE04EC0-301F-11D3-BF4B-00C04F79EFBC}") = "MultiShop.IdentityServer", "IdentityServer\MultiShop.IdentityServer\MultiShop.IdentityServer.csproj", "{9BFC40E7-8260-436D-A41E-A74312E81270}"
EndProject
Project("{2150E333-8FDC-42A3-9474-1A3956D46DE8}") = "Cargo", "Cargo", "{271E4A5F-936C-4FB8-91EF-8428EA73A3DC}"
EndProject
Project("{FAE04EC0-301F-11D3-BF4B-00C04F79EFBC}") = "MultiShop.Cargo.EntityLayer", "Services\Cargo\MultiShop.Cargo.EntityLayer\MultiShop.Cargo.EntityLayer.csproj", "{B4F1DB58-DB52-4D7D-ABD4-F3F382540D74}"
EndProject
Project("{FAE04EC0-301F-11D3-BF4B-00C04F79EFBC}") = "MultiShop.Cargo.BusinessLayer", "Services\Cargo\MultiShop.Cargo.BusinessLayer\MultiShop.Cargo.BusinessLayer.csproj", "{07AC0B88-18DE-44DE-82D7-6BB4BCCBCEC8}"
EndProject
Project("{FAE04EC0-301F-11D3-BF4B-00C04F79EFBC}") = "MultiShop.Cargo.DataAccessLayer", "Services\Cargo\MultiShop.Cargo.DataAccessLayer\MultiShop.Cargo.DataAccessLayer.csproj", "{1EA727CA-F2CE-49D2-8368-3351D31C1C78}"
EndProject
Project("{FAE04EC0-301F-11D3-BF4B-00C04F79EFBC}") = "MultiShop.Cargo.DtoLayer", "Services\Cargo\MultiShop.Cargo.DtoLayer\MultiShop.Cargo.DtoLayer.csproj", "{EB5A94FF-479B-493B-9AC0-1B9381E7B084}"
EndProject
Project("{FAE04EC0-301F-11D3-BF4B-00C04F79EFBC}") = "MultiShop.Cargo.WebApi", "Services\Cargo\MultiShop.Cargo.WebApi\MultiShop.Cargo.WebApi.csproj", "{42D7F31B-E442-4FCF-9EFF-6D64315384FF}"
EndProject
Project("{2150E333-8FDC-42A3-9474-1A3956D46DE8}") = "Basket", "Basket", "{2632309D-429C-4912-B223-C601630672A5}"
EndProject
Project("{FAE04EC0-301F-11D3-BF4B-00C04F79EFBC}") = "MultiShop.Basket", "Services\Basket\MultiShop.Basket\MultiShop.Basket.csproj", "{F1E963D9-8CFA-4B16-B75F-50B3D641ED02}"
EndProject
Project("{2150E333-8FDC-42A3-9474-1A3956D46DE8}") = "Frontends", "Frontends", "{7538A719-E9D3-4485-A6D4-F35440703818}"
EndProject
Project("{FAE04EC0-301F-11D3-BF4B-00C04F79EFBC}") = "MultiShop.WebUI", "Frontends\MultiShop.WebUI\MultiShop.WebUI.csproj", "{7321EBAA-E282-4257-8953-F4FFB1F576B4}"
EndProject
Project("{FAE04EC0-301F-11D3-BF4B-00C04F79EFBC}") = "MultuShop.DtoLayer", "Frontends\MultuShop.DtoLayer\MultuShop.DtoLayer.csproj", "{F80CF7DA-DCD4-4E3B-A7B7-1B3F6B591A03}"
EndProject
Project("{2150E333-8FDC-42A3-9474-1A3956D46DE8}") = "Comment", "Comment", "{6FEAF8AD-DB49-413D-A003-37404956E39E}"
EndProject
Project("{FAE04EC0-301F-11D3-BF4B-00C04F79EFBC}") = "MultiShop.Comment", "Services\Comment\MultiShop.Comment\MultiShop.Comment.csproj", "{856EE942-A826-48A8-9BFC-6B88F44B34F9}"
EndProject
Global
	GlobalSection(SolutionConfigurationPlatforms) = preSolution
		Debug|Any CPU = Debug|Any CPU
		Release|Any CPU = Release|Any CPU
	EndGlobalSection
	GlobalSection(ProjectConfigurationPlatforms) = postSolution
		{5D562520-8818-4F26-AED4-6B09A833B4C3}.Debug|Any CPU.ActiveCfg = Debug|Any CPU
		{5D562520-8818-4F26-AED4-6B09A833B4C3}.Debug|Any CPU.Build.0 = Debug|Any CPU
		{5D562520-8818-4F26-AED4-6B09A833B4C3}.Release|Any CPU.ActiveCfg = Release|Any CPU
		{5D562520-8818-4F26-AED4-6B09A833B4C3}.Release|Any CPU.Build.0 = Release|Any CPU
		{EDB7BD04-9D44-4443-821C-9C6289515781}.Debug|Any CPU.ActiveCfg = Debug|Any CPU
		{EDB7BD04-9D44-4443-821C-9C6289515781}.Debug|Any CPU.Build.0 = Debug|Any CPU
		{EDB7BD04-9D44-4443-821C-9C6289515781}.Release|Any CPU.ActiveCfg = Release|Any CPU
		{EDB7BD04-9D44-4443-821C-9C6289515781}.Release|Any CPU.Build.0 = Release|Any CPU
		{BC9B943E-8CCB-4865-AFA5-2279BF6D5456}.Debug|Any CPU.ActiveCfg = Debug|Any CPU
		{BC9B943E-8CCB-4865-AFA5-2279BF6D5456}.Debug|Any CPU.Build.0 = Debug|Any CPU
		{BC9B943E-8CCB-4865-AFA5-2279BF6D5456}.Release|Any CPU.ActiveCfg = Release|Any CPU
		{BC9B943E-8CCB-4865-AFA5-2279BF6D5456}.Release|Any CPU.Build.0 = Release|Any CPU
		{85F70972-96C5-46D7-A593-84078CD04476}.Debug|Any CPU.ActiveCfg = Debug|Any CPU
		{85F70972-96C5-46D7-A593-84078CD04476}.Debug|Any CPU.Build.0 = Debug|Any CPU
		{85F70972-96C5-46D7-A593-84078CD04476}.Release|Any CPU.ActiveCfg = Release|Any CPU
		{85F70972-96C5-46D7-A593-84078CD04476}.Release|Any CPU.Build.0 = Release|Any CPU
		{AA8020C1-9963-471C-8484-375A4FA9B66B}.Debug|Any CPU.ActiveCfg = Debug|Any CPU
		{AA8020C1-9963-471C-8484-375A4FA9B66B}.Debug|Any CPU.Build.0 = Debug|Any CPU
		{AA8020C1-9963-471C-8484-375A4FA9B66B}.Release|Any CPU.ActiveCfg = Release|Any CPU
		{AA8020C1-9963-471C-8484-375A4FA9B66B}.Release|Any CPU.Build.0 = Release|Any CPU
		{36B0FD79-CA41-4C33-915E-62CA39A25870}.Debug|Any CPU.ActiveCfg = Debug|Any CPU
		{36B0FD79-CA41-4C33-915E-62CA39A25870}.Debug|Any CPU.Build.0 = Debug|Any CPU
		{36B0FD79-CA41-4C33-915E-62CA39A25870}.Release|Any CPU.ActiveCfg = Release|Any CPU
		{36B0FD79-CA41-4C33-915E-62CA39A25870}.Release|Any CPU.Build.0 = Release|Any CPU
		{9BFC40E7-8260-436D-A41E-A74312E81270}.Debug|Any CPU.ActiveCfg = Debug|Any CPU
		{9BFC40E7-8260-436D-A41E-A74312E81270}.Debug|Any CPU.Build.0 = Debug|Any CPU
		{9BFC40E7-8260-436D-A41E-A74312E81270}.Release|Any CPU.ActiveCfg = Release|Any CPU
		{9BFC40E7-8260-436D-A41E-A74312E81270}.Release|Any CPU.Build.0 = Release|Any CPU
		{B4F1DB58-DB52-4D7D-ABD4-F3F382540D74}.Debug|Any CPU.ActiveCfg = Debug|Any CPU
		{B4F1DB58-DB52-4D7D-ABD4-F3F382540D74}.Debug|Any CPU.Build.0 = Debug|Any CPU
		{B4F1DB58-DB52-4D7D-ABD4-F3F382540D74}.Release|Any CPU.ActiveCfg = Release|Any CPU
		{B4F1DB58-DB52-4D7D-ABD4-F3F382540D74}.Release|Any CPU.Build.0 = Release|Any CPU
		{07AC0B88-18DE-44DE-82D7-6BB4BCCBCEC8}.Debug|Any CPU.ActiveCfg = Debug|Any CPU
		{07AC0B88-18DE-44DE-82D7-6BB4BCCBCEC8}.Debug|Any CPU.Build.0 = Debug|Any CPU
		{07AC0B88-18DE-44DE-82D7-6BB4BCCBCEC8}.Release|Any CPU.ActiveCfg = Release|Any CPU
		{07AC0B88-18DE-44DE-82D7-6BB4BCCBCEC8}.Release|Any CPU.Build.0 = Release|Any CPU
		{1EA727CA-F2CE-49D2-8368-3351D31C1C78}.Debug|Any CPU.ActiveCfg = Debug|Any CPU
		{1EA727CA-F2CE-49D2-8368-3351D31C1C78}.Debug|Any CPU.Build.0 = Debug|Any CPU
		{1EA727CA-F2CE-49D2-8368-3351D31C1C78}.Release|Any CPU.ActiveCfg = Release|Any CPU
		{1EA727CA-F2CE-49D2-8368-3351D31C1C78}.Release|Any CPU.Build.0 = Release|Any CPU
		{EB5A94FF-479B-493B-9AC0-1B9381E7B084}.Debug|Any CPU.ActiveCfg = Debug|Any CPU
		{EB5A94FF-479B-493B-9AC0-1B9381E7B084}.Debug|Any CPU.Build.0 = Debug|Any CPU
		{EB5A94FF-479B-493B-9AC0-1B9381E7B084}.Release|Any CPU.ActiveCfg = Release|Any CPU
		{EB5A94FF-479B-493B-9AC0-1B9381E7B084}.Release|Any CPU.Build.0 = Release|Any CPU
		{42D7F31B-E442-4FCF-9EFF-6D64315384FF}.Debug|Any CPU.ActiveCfg = Debug|Any CPU
		{42D7F31B-E442-4FCF-9EFF-6D64315384FF}.Debug|Any CPU.Build.0 = Debug|Any CPU
		{42D7F31B-E442-4FCF-9EFF-6D64315384FF}.Release|Any CPU.ActiveCfg = Release|Any CPU
		{42D7F31B-E442-4FCF-9EFF-6D64315384FF}.Release|Any CPU.Build.0 = Release|Any CPU
		{F1E963D9-8CFA-4B16-B75F-50B3D641ED02}.Debug|Any CPU.ActiveCfg = Debug|Any CPU
		{F1E963D9-8CFA-4B16-B75F-50B3D641ED02}.Debug|Any CPU.Build.0 = Debug|Any CPU
		{F1E963D9-8CFA-4B16-B75F-50B3D641ED02}.Release|Any CPU.ActiveCfg = Release|Any CPU
		{F1E963D9-8CFA-4B16-B75F-50B3D641ED02}.Release|Any CPU.Build.0 = Release|Any CPU
		{7321EBAA-E282-4257-8953-F4FFB1F576B4}.Debug|Any CPU.ActiveCfg = Debug|Any CPU
		{7321EBAA-E282-4257-8953-F4FFB1F576B4}.Debug|Any CPU.Build.0 = Debug|Any CPU
		{7321EBAA-E282-4257-8953-F4FFB1F576B4}.Release|Any CPU.ActiveCfg = Release|Any CPU
		{7321EBAA-E282-4257-8953-F4FFB1F576B4}.Release|Any CPU.Build.0 = Release|Any CPU
		{F80CF7DA-DCD4-4E3B-A7B7-1B3F6B591A03}.Debug|Any CPU.ActiveCfg = Debug|Any CPU
		{F80CF7DA-DCD4-4E3B-A7B7-1B3F6B591A03}.Debug|Any CPU.Build.0 = Debug|Any CPU
		{F80CF7DA-DCD4-4E3B-A7B7-1B3F6B591A03}.Release|Any CPU.ActiveCfg = Release|Any CPU
		{F80CF7DA-DCD4-4E3B-A7B7-1B3F6B591A03}.Release|Any CPU.Build.0 = Release|Any CPU
		{856EE942-A826-48A8-9BFC-6B88F44B34F9}.Debug|Any CPU.ActiveCfg = Debug|Any CPU
		{856EE942-A826-48A8-9BFC-6B88F44B34F9}.Debug|Any CPU.Build.0 = Debug|Any CPU
		{856EE942-A826-48A8-9BFC-6B88F44B34F9}.Release|Any CPU.ActiveCfg = Release|Any CPU
		{856EE942-A826-48A8-9BFC-6B88F44B34F9}.Release|Any CPU.Build.0 = Release|Any CPU
	EndGlobalSection
	GlobalSection(SolutionProperties) = preSolution
		HideSolutionNode = FALSE
	EndGlobalSection
	GlobalSection(NestedProjects) = preSolution
		{9E5F3B9B-90CD-4685-9106-314D3FA3D547} = {66E3CCBD-E846-4E99-9C55-3BC581915449}
		{5D562520-8818-4F26-AED4-6B09A833B4C3} = {9E5F3B9B-90CD-4685-9106-314D3FA3D547}
		{E3103A43-326B-40C9-9D90-AC9151A287FF} = {66E3CCBD-E846-4E99-9C55-3BC581915449}
		{EDB7BD04-9D44-4443-821C-9C6289515781} = {E3103A43-326B-40C9-9D90-AC9151A287FF}
		{6027AD1F-F77D-4E5E-9578-8165F8335C0C} = {66E3CCBD-E846-4E99-9C55-3BC581915449}
		{C3BE855C-7F62-4FC3-BDED-07B253E226E7} = {6027AD1F-F77D-4E5E-9578-8165F8335C0C}
		{0F610FAE-4F3B-454C-9358-A0462B04F4F2} = {6027AD1F-F77D-4E5E-9578-8165F8335C0C}
		{7C1B217F-3D57-4576-B515-5B3DC4D37E51} = {6027AD1F-F77D-4E5E-9578-8165F8335C0C}
		{BC9B943E-8CCB-4865-AFA5-2279BF6D5456} = {C3BE855C-7F62-4FC3-BDED-07B253E226E7}
		{85F70972-96C5-46D7-A593-84078CD04476} = {C3BE855C-7F62-4FC3-BDED-07B253E226E7}
		{AA8020C1-9963-471C-8484-375A4FA9B66B} = {0F610FAE-4F3B-454C-9358-A0462B04F4F2}
		{36B0FD79-CA41-4C33-915E-62CA39A25870} = {7C1B217F-3D57-4576-B515-5B3DC4D37E51}
		{9BFC40E7-8260-436D-A41E-A74312E81270} = {E4E7E470-E9DF-48CB-81D5-E26F0CF4B47E}
		{271E4A5F-936C-4FB8-91EF-8428EA73A3DC} = {66E3CCBD-E846-4E99-9C55-3BC581915449}
		{B4F1DB58-DB52-4D7D-ABD4-F3F382540D74} = {271E4A5F-936C-4FB8-91EF-8428EA73A3DC}
		{07AC0B88-18DE-44DE-82D7-6BB4BCCBCEC8} = {271E4A5F-936C-4FB8-91EF-8428EA73A3DC}
		{1EA727CA-F2CE-49D2-8368-3351D31C1C78} = {271E4A5F-936C-4FB8-91EF-8428EA73A3DC}
		{EB5A94FF-479B-493B-9AC0-1B9381E7B084} = {271E4A5F-936C-4FB8-91EF-8428EA73A3DC}
		{42D7F31B-E442-4FCF-9EFF-6D64315384FF} = {271E4A5F-936C-4FB8-91EF-8428EA73A3DC}
		{2632309D-429C-4912-B223-C601630672A5} = {66E3CCBD-E846-4E99-9C55-3BC581915449}
		{F1E963D9-8CFA-4B16-B75F-50B3D641ED02} = {2632309D-429C-4912-B223-C601630672A5}
		{7321EBAA-E282-4257-8953-F4FFB1F576B4} = {7538A719-E9D3-4485-A6D4-F35440703818}
		{F80CF7DA-DCD4-4E3B-A7B7-1B3F6B591A03} = {7538A719-E9D3-4485-A6D4-F35440703818}
		{6FEAF8AD-DB49-413D-A003-37404956E39E} = {66E3CCBD-E846-4E99-9C55-3BC581915449}
		{856EE942-A826-48A8-9BFC-6B88F44B34F9} = {6FEAF8AD-DB49-413D-A003-37404956E39E}
	EndGlobalSection
EndGlobal
